
Microsoft Visual Studio Solution File, Format Version 12.00
# Visual Studio Version 17
VisualStudioVersion = 17.9.34607.119
MinimumVisualStudioVersion = 10.0.40219.1
Project("{FAE04EC0-301F-11D3-BF4B-00C04F79EFBC}") = "WarehouseJournal", "WarehouseJournal.csproj", "{A833C351-E7AD-49AE-ABB7-E9C02AC0DEFB}"
EndProject
Global
	GlobalSection(SolutionConfigurationPlatforms) = preSolution
		Debug|Any CPU = Debug|Any CPU
		Release|Any CPU = Release|Any CPU
	EndGlobalSection
	GlobalSection(ProjectConfigurationPlatforms) = postSolution
		{A833C351-E7AD-49AE-ABB7-E9C02AC0DEFB}.Debug|Any CPU.ActiveCfg = Debug|Any CPU
		{A833C351-E7AD-49AE-ABB7-E9C02AC0DEFB}.Debug|Any CPU.Build.0 = Debug|Any CPU
		{A833C351-E7AD-49AE-ABB7-E9C02AC0DEFB}.Debug|Any CPU.Deploy.0 = Debug|Any CPU
		{A833C351-E7AD-49AE-ABB7-E9C02AC0DEFB}.Release|Any CPU.ActiveCfg = Release|Any CPU
		{A833C351-E7AD-49AE-ABB7-E9C02AC0DEFB}.Release|Any CPU.Build.0 = Release|Any CPU
		{A833C351-E7AD-49AE-ABB7-E9C02AC0DEFB}.Release|Any CPU.Deploy.0 = Release|Any CPU
	EndGlobalSection
	GlobalSection(SolutionProperties) = preSolution
		HideSolutionNode = FALSE
	EndGlobalSection
	GlobalSection(ExtensibilityGlobals) = postSolution
		SolutionGuid = {51073355-FFA6-42FC-BCA9-CE91EACE01F5}
	EndGlobalSection
EndGlobal
